# This file is autogenerated, do not edit; changes may be undone by the next 'dep ensure'.


[[projects]]
  name = "github.com/PuerkitoBio/goquery"
  packages = ["."]
  revision = "e1271ee34c6a305e38566ecd27ae374944907ee9"
  version = "v1.1.0"

[[projects]]
  branch = "master"
  name = "github.com/andybalholm/cascadia"
  packages = ["."]
  revision = "349dd0209470eabd9514242c688c403c0926d266"

[[projects]]
  name = "github.com/zieckey/goini"
  packages = ["."]
  revision = "ef198e44330230cf3989b754eff33c97888f5a26"
  version = "v1.2"

[[projects]]
  branch = "master"
  name = "golang.org/x/net"
  packages = ["html","html/atom"]
  revision = "9dfe39835686865bff950a07b394c12a98ddc811"

[solve-meta]
  analyzer-name = "dep"
  analyzer-version = 1
  inputs-digest = "cabf63b0265cf6b35745fc8c709254db97f0510666fc0895ee64e0363a6d9dc9"
  solver-name = "gps-cdcl"
  solver-version = 1
